rules_version = "2026.08.33"
format_version = 1
rules_sha256 = "893588a58d410641078d01a61714d6106da65192ca33629bb4d462550ff2e3bc"
conformance_sha256 = "17f1ced68e15c5c11df79ffe85338f9980b16c858124235111644db6b12123d9"
conformance_jsonl_sha256 = "448b293eb13b01962c9acc021fce63209aa988a103fc5688a2c8b900e0084ff5"
rules_proto_sha256 = "40c4472007251677dfc3df287188dba177cab6ab62b6d9546e05e89291a77465"
conformance_proto_sha256 = "600b40465a71450ca452b26beae99dafcef43cda8b4e7dbe7e32d7b70e5c2a6e"
testee_proto_sha256 = "7209846f3dc2f2f43da537f9ef74f1beee6a02be612ab53594220e997acf3dbc"
ir_doc_sha256 = "9d104c7122cde69819bdd83f7a0c07acd0be6e7c9fc7f142e46626194ddc176e"
features_doc_sha256 = "1cb41bff278f1606f0215ccac387c92abf7ec2bdcc7683be93b52c9291f3689a"
stability = "alpha"
source_commit = "b264614ff7f1d95a945128578e54e18225a90f0a"
attestation_identity = "libbusinessid/spec/.github/workflows/release.yml@refs/tags/v0.1.1"
